
Microsoft Visual Studio Solution File, Format Version 12.00
# Visual Studio 2013
VisualStudioVersion = 12.0.31101.0
MinimumVisualStudioVersion = 10.0.40219.1
Project("{FAE04EC0-301F-11D3-BF4B-00C04F79EFBC}") = "DocumentDBDataService", "DocumentDBDataService.csproj", "{34C32312-9770-49E9-9D27-3309097AB72B}"
EndProject
Project("{FAE04EC0-301F-11D3-BF4B-00C04F79EFBC}") = "DocumentDBServiceTest", "..\DocumentDBServiceTest\DocumentDBServiceTest.csproj", "{4B91F72A-01E0-4F67-A7C5-7DB0C8577CFF}"
EndProject
Global
	GlobalSection(SolutionConfigurationPlatforms) = preSolution
		Debug|Any CPU = Debug|Any CPU
		Release|Any CPU = Release|Any CPU
	EndGlobalSection
	GlobalSection(ProjectConfigurationPlatforms) = postSolution
		{34C32312-9770-49E9-9D27-3309097AB72B}.Debug|Any CPU.ActiveCfg = Debug|Any CPU
		{34C32312-9770-49E9-9D27-3309097AB72B}.Debug|Any CPU.Build.0 = Debug|Any CPU
		{34C32312-9770-49E9-9D27-3309097AB72B}.Release|Any CPU.ActiveCfg = Release|Any CPU
		{34C32312-9770-49E9-9D27-3309097AB72B}.Release|Any CPU.Build.0 = Release|Any CPU
		{4B91F72A-01E0-4F67-A7C5-7DB0C8577CFF}.Debug|Any CPU.ActiveCfg = Debug|Any CPU
		{4B91F72A-01E0-4F67-A7C5-7DB0C8577CFF}.Debug|Any CPU.Build.0 = Debug|Any CPU
		{4B91F72A-01E0-4F67-A7C5-7DB0C8577CFF}.Release|Any CPU.ActiveCfg = Release|Any CPU
		{4B91F72A-01E0-4F67-A7C5-7DB0C8577CFF}.Release|Any CPU.Build.0 = Release|Any CPU
	EndGlobalSection
	GlobalSection(SolutionProperties) = preSolution
		HideSolutionNode = FALSE
	EndGlobalSection
EndGlobal
